
Microsoft Visual Studio Solution File, Format Version 12.00
# Visual Studio Version 17
VisualStudioVersion = 17.10.34928.147
MinimumVisualStudioVersion = 10.0.40219.1
Project("{9A19103F-16F7-4668-BE54-9A1E7A4F7556}") = "SigniFormAPI.Web", "SigniFormAPI.Web\SigniFormAPI.Web.csproj", "{FAC5F375-FD08-4D14-9D11-F4E826E444CF}"
EndProject
Project("{FAE04EC0-301F-11D3-BF4B-00C04F79EFBC}") = "SigniFormAPI.DataAccess", "SigniFormAPI.DataAccess\SigniFormAPI.DataAccess.csproj", "{00503EC9-FDE5-4F9F-ACDA-87580D795436}"
EndProject
Project("{FAE04EC0-301F-11D3-BF4B-00C04F79EFBC}") = "SigniFormAPI.Models", "SigniFormAPI.Models\SigniFormAPI.Models.csproj", "{6B6C86A1-A98F-40DD-A66A-BEF39330357E}"
EndProject
Global
	GlobalSection(SolutionConfigurationPlatforms) = preSolution
		Debug|Any CPU = Debug|Any CPU
		Release|Any CPU = Release|Any CPU
	EndGlobalSection
	GlobalSection(ProjectConfigurationPlatforms) = postSolution
		{FAC5F375-FD08-4D14-9D11-F4E826E444CF}.Debug|Any CPU.ActiveCfg = Debug|Any CPU
		{FAC5F375-FD08-4D14-9D11-F4E826E444CF}.Debug|Any CPU.Build.0 = Debug|Any CPU
		{FAC5F375-FD08-4D14-9D11-F4E826E444CF}.Release|Any CPU.ActiveCfg = Release|Any CPU
		{FAC5F375-FD08-4D14-9D11-F4E826E444CF}.Release|Any CPU.Build.0 = Release|Any CPU
		{00503EC9-FDE5-4F9F-ACDA-87580D795436}.Debug|Any CPU.ActiveCfg = Debug|Any CPU
		{00503EC9-FDE5-4F9F-ACDA-87580D795436}.Debug|Any CPU.Build.0 = Debug|Any CPU
		{00503EC9-FDE5-4F9F-ACDA-87580D795436}.Release|Any CPU.ActiveCfg = Release|Any CPU
		{00503EC9-FDE5-4F9F-ACDA-87580D795436}.Release|Any CPU.Build.0 = Release|Any CPU
		{6B6C86A1-A98F-40DD-A66A-BEF39330357E}.Debug|Any CPU.ActiveCfg = Debug|Any CPU
		{6B6C86A1-A98F-40DD-A66A-BEF39330357E}.Debug|Any CPU.Build.0 = Debug|Any CPU
		{6B6C86A1-A98F-40DD-A66A-BEF39330357E}.Release|Any CPU.ActiveCfg = Release|Any CPU
		{6B6C86A1-A98F-40DD-A66A-BEF39330357E}.Release|Any CPU.Build.0 = Release|Any CPU
	EndGlobalSection
	GlobalSection(SolutionProperties) = preSolution
		HideSolutionNode = FALSE
	EndGlobalSection
	GlobalSection(ExtensibilityGlobals) = postSolution
		SolutionGuid = {A8FA33CD-C317-47ED-9A74-7D756A1B76BF}
	EndGlobalSection
EndGlobal
